
Microsoft Visual Studio Solution File, Format Version 12.00
# Visual Studio Version 17
VisualStudioVersion = 17.0.32002.185
MinimumVisualStudioVersion = 10.0.40219.1
Project("{FAE04EC0-301F-11D3-BF4B-00C04F79EFBC}") = "BusinessObject", "BusinessObject\BusinessObject.csproj", "{F900F9C9-22D9-4C4A-B4FB-36381C264A56}"
EndProject
Project("{FAE04EC0-301F-11D3-BF4B-00C04F79EFBC}") = "DataAccess", "DataAccess\DataAccess.csproj", "{0909F2C7-034B-4798-92A2-BE39061296CF}"
EndProject
Project("{FAE04EC0-301F-11D3-BF4B-00C04F79EFBC}") = "Repository", "Repository\Repository.csproj", "{A21F09E8-E8A5-48D6-8049-93B8499EF94F}"
EndProject
Project("{FAE04EC0-301F-11D3-BF4B-00C04F79EFBC}") = "ClothesStoreAPI", "ClothesStoreAPI\ClothesStoreAPI.csproj", "{D03B9F89-0C72-447C-8E7D-C64CC58A73AF}"
EndProject
Project("{FAE04EC0-301F-11D3-BF4B-00C04F79EFBC}") = "ClothesStore", "ClothesStore\ClothesStore.csproj", "{250EF65D-2A45-47F1-876B-FB71F3D93F32}"
EndProject
Global
	GlobalSection(SolutionConfigurationPlatforms) = preSolution
		Debug|Any CPU = Debug|Any CPU
		Release|Any CPU = Release|Any CPU
	EndGlobalSection
	GlobalSection(ProjectConfigurationPlatforms) = postSolution
		{F900F9C9-22D9-4C4A-B4FB-36381C264A56}.Debug|Any CPU.ActiveCfg = Debug|Any CPU
		{F900F9C9-22D9-4C4A-B4FB-36381C264A56}.Debug|Any CPU.Build.0 = Debug|Any CPU
		{F900F9C9-22D9-4C4A-B4FB-36381C264A56}.Release|Any CPU.ActiveCfg = Release|Any CPU
		{F900F9C9-22D9-4C4A-B4FB-36381C264A56}.Release|Any CPU.Build.0 = Release|Any CPU
		{0909F2C7-034B-4798-92A2-BE39061296CF}.Debug|Any CPU.ActiveCfg = Debug|Any CPU
		{0909F2C7-034B-4798-92A2-BE39061296CF}.Debug|Any CPU.Build.0 = Debug|Any CPU
		{0909F2C7-034B-4798-92A2-BE39061296CF}.Release|Any CPU.ActiveCfg = Release|Any CPU
		{0909F2C7-034B-4798-92A2-BE39061296CF}.Release|Any CPU.Build.0 = Release|Any CPU
		{A21F09E8-E8A5-48D6-8049-93B8499EF94F}.Debug|Any CPU.ActiveCfg = Debug|Any CPU
		{A21F09E8-E8A5-48D6-8049-93B8499EF94F}.Debug|Any CPU.Build.0 = Debug|Any CPU
		{A21F09E8-E8A5-48D6-8049-93B8499EF94F}.Release|Any CPU.ActiveCfg = Release|Any CPU
		{A21F09E8-E8A5-48D6-8049-93B8499EF94F}.Release|Any CPU.Build.0 = Release|Any CPU
		{D03B9F89-0C72-447C-8E7D-C64CC58A73AF}.Debug|Any CPU.ActiveCfg = Debug|Any CPU
		{D03B9F89-0C72-447C-8E7D-C64CC58A73AF}.Debug|Any CPU.Build.0 = Debug|Any CPU
		{D03B9F89-0C72-447C-8E7D-C64CC58A73AF}.Release|Any CPU.ActiveCfg = Release|Any CPU
		{D03B9F89-0C72-447C-8E7D-C64CC58A73AF}.Release|Any CPU.Build.0 = Release|Any CPU
		{250EF65D-2A45-47F1-876B-FB71F3D93F32}.Debug|Any CPU.ActiveCfg = Debug|Any CPU
		{250EF65D-2A45-47F1-876B-FB71F3D93F32}.Debug|Any CPU.Build.0 = Debug|Any CPU
		{250EF65D-2A45-47F1-876B-FB71F3D93F32}.Release|Any CPU.ActiveCfg = Release|Any CPU
		{250EF65D-2A45-47F1-876B-FB71F3D93F32}.Release|Any CPU.Build.0 = Release|Any CPU
	EndGlobalSection
	GlobalSection(SolutionProperties) = preSolution
		HideSolutionNode = FALSE
	EndGlobalSection
	GlobalSection(ExtensibilityGlobals) = postSolution
		SolutionGuid = {57134694-869A-4112-BB2E-F727B197E4F2}
	EndGlobalSection
EndGlobal
